
Microsoft Visual Studio Solution File, Format Version 12.00
# Visual Studio Version 16
VisualStudioVersion = 16.0.32630.194
MinimumVisualStudioVersion = 10.0.40219.1
Project("{FAE04EC0-301F-11D3-BF4B-00C04F79EFBC}") = "BlockEditor", "BlockEditor\BlockEditor.csproj", "{C93658AE-70FC-4863-90C8-DCE93B1CC4D1}"
EndProject
Global
	GlobalSection(SolutionConfigurationPlatforms) = preSolution
		Debug|Any CPU = Debug|Any CPU
		Release|Any CPU = Release|Any CPU
	EndGlobalSection
	GlobalSection(ProjectConfigurationPlatforms) = postSolution
		{C93658AE-70FC-4863-90C8-DCE93B1CC4D1}.Debug|Any CPU.ActiveCfg = Debug|Any CPU
		{C93658AE-70FC-4863-90C8-DCE93B1CC4D1}.Debug|Any CPU.Build.0 = Debug|Any CPU
		{C93658AE-70FC-4863-90C8-DCE93B1CC4D1}.Release|Any CPU.ActiveCfg = Release|Any CPU
		{C93658AE-70FC-4863-90C8-DCE93B1CC4D1}.Release|Any CPU.Build.0 = Release|Any CPU
	EndGlobalSection
	GlobalSection(SolutionProperties) = preSolution
		HideSolutionNode = FALSE
	EndGlobalSection
	GlobalSection(ExtensibilityGlobals) = postSolution
		SolutionGuid = {87E7EEEE-CF2B-4168-B9C7-469E8EE8B38B}
	EndGlobalSection
EndGlobal
